
Microsoft Visual Studio Solution File, Format Version 12.00
# Visual Studio Version 16
VisualStudioVersion = 16.0.31205.134
MinimumVisualStudioVersion = 10.0.40219.1
Project("{FAE04EC0-301F-11D3-BF4B-00C04F79EFBC}") = "CointrackerIOHelper", "CointrackerIOHelper.csproj", "{F550D400-8D30-4D02-8852-12E5E1EC0B17}"
EndProject
Global
	GlobalSection(SolutionConfigurationPlatforms) = preSolution
		Debug|Any CPU = Debug|Any CPU
		Release|Any CPU = Release|Any CPU
	EndGlobalSection
	GlobalSection(ProjectConfigurationPlatforms) = postSolution
		{F550D400-8D30-4D02-8852-12E5E1EC0B17}.Debug|Any CPU.ActiveCfg = Debug|Any CPU
		{F550D400-8D30-4D02-8852-12E5E1EC0B17}.Debug|Any CPU.Build.0 = Debug|Any CPU
		{F550D400-8D30-4D02-8852-12E5E1EC0B17}.Release|Any CPU.ActiveCfg = Release|Any CPU
		{F550D400-8D30-4D02-8852-12E5E1EC0B17}.Release|Any CPU.Build.0 = Release|Any CPU
	EndGlobalSection
	GlobalSection(SolutionProperties) = preSolution
		HideSolutionNode = FALSE
	EndGlobalSection
	GlobalSection(ExtensibilityGlobals) = postSolution
		SolutionGuid = {FD5BE284-E7B4-410D-982E-0DDE04642F40}
	EndGlobalSection
EndGlobal
